
Microsoft Visual Studio Solution File, Format Version 12.00
# Visual Studio 2012
Project("{FAE04EC0-301F-11D3-BF4B-00C04F79EFBC}") = "PrestamoLibros", "PrestamoLibros\PrestamoLibros.csproj", "{B624902F-67A5-486D-99D7-310BD46F113E}"
EndProject
Global
	GlobalSection(SolutionConfigurationPlatforms) = preSolution
		Debug|Any CPU = Debug|Any CPU
		Release|Any CPU = Release|Any CPU
	EndGlobalSection
	GlobalSection(ProjectConfigurationPlatforms) = postSolution
		{B624902F-67A5-486D-99D7-310BD46F113E}.Debug|Any CPU.ActiveCfg = Debug|Any CPU
		{B624902F-67A5-486D-99D7-310BD46F113E}.Debug|Any CPU.Build.0 = Debug|Any CPU
		{B624902F-67A5-486D-99D7-310BD46F113E}.Release|Any CPU.ActiveCfg = Release|Any CPU
		{B624902F-67A5-486D-99D7-310BD46F113E}.Release|Any CPU.Build.0 = Release|Any CPU
	EndGlobalSection
	GlobalSection(SolutionProperties) = preSolution
		HideSolutionNode = FALSE
	EndGlobalSection
EndGlobal
